
Microsoft Visual Studio Solution File, Format Version 11.00
# Visual Studio 2010
Project("{E24C65DC-7377-472B-9ABA-BC803B73C61A}") = "RadControlsWebSite2", "..\..\WebSites\RadControlsWebSite2\", "{20124B1D-DD2F-4BD6-8F3A-01C9A2465D40}"
	ProjectSection(WebsiteProperties) = preProject
		TargetFrameworkMoniker = ".NETFramework,Version%3Dv4.0"
		Debug.AspNetCompiler.VirtualPath = "/RadControlsWebSite2"
		Debug.AspNetCompiler.PhysicalPath = "..\..\WebSites\RadControlsWebSite2\"
		Debug.AspNetCompiler.TargetPath = "PrecompiledWeb\RadControlsWebSite2\"
		Debug.AspNetCompiler.Updateable = "true"
		Debug.AspNetCompiler.ForceOverwrite = "true"
		Debug.AspNetCompiler.FixedNames = "false"
		Debug.AspNetCompiler.Debug = "True"
		Release.AspNetCompiler.VirtualPath = "/RadControlsWebSite2"
		Release.AspNetCompiler.PhysicalPath = "..\..\WebSites\RadControlsWebSite2\"
		Release.AspNetCompiler.TargetPath = "PrecompiledWeb\RadControlsWebSite2\"
		Release.AspNetCompiler.Updateable = "true"
		Release.AspNetCompiler.ForceOverwrite = "true"
		Release.AspNetCompiler.FixedNames = "false"
		Release.AspNetCompiler.Debug = "False"
		VWDPort = "4268"
	EndProjectSection
EndProject
Global
	GlobalSection(SolutionConfigurationPlatforms) = preSolution
		Debug|Any CPU = Debug|Any CPU
	EndGlobalSection
	GlobalSection(ProjectConfigurationPlatforms) = postSolution
		{20124B1D-DD2F-4BD6-8F3A-01C9A2465D40}.Debug|Any CPU.ActiveCfg = Debug|Any CPU
		{20124B1D-DD2F-4BD6-8F3A-01C9A2465D40}.Debug|Any CPU.Build.0 = Debug|Any CPU
	EndGlobalSection
	GlobalSection(SolutionProperties) = preSolution
		HideSolutionNode = FALSE
	EndGlobalSection
EndGlobal
